{
  "name": "mobile-operator-lookup",
  "version": "1.0.0",
  "lockfileVersion": 3,
  "requires": true,
  "packages": {
    "": {
      "name": "mobile-operator-lookup",
      "version": "1.0.0",
      "license": "ISC",
      "dependencies": {
        "libphonenumber-js": "^1.12.6"
      }
    },
    "node_modules/libphonenumber-js": {
      "version": "1.12.6",
      "resolved": "https://registry.npmjs.org/libphonenumber-js/-/libphonenumber-js-1.12.6.tgz",
      "integrity": "sha512-PJiS4ETaUfCOFLpmtKzAbqZQjCCKVu2OhTV4SVNNE7c2nu/dACvtCqj4L0i/KWNnIgRv7yrILvBj5Lonv5Ncxw==",
      "license": "MIT"
    }
  }
}
